# This file is generated by running "yarn install" inside your project.
# Manual changes might be lost - proceed with caution!

__metadata:
  version: 8
  cacheKey: 10c0

"@esbuild/aix-ppc64@npm:0.21.4":
  version: 0.21.4
  resolution: "@esbuild/aix-ppc64@npm:0.21.4"
  conditions: os=aix & cpu=ppc64
  languageName: node
  linkType: hard

"@esbuild/android-arm64@npm:0.21.4":
  version: 0.21.4
  resolution: "@esbuild/android-arm64@npm:0.21.4"
  conditions: os=android & cpu=arm64
  languageName: node
  linkType: hard

"@esbuild/android-arm@npm:0.21.4":
  version: 0.21.4
  resolution: "@esbuild/android-arm@npm:0.21.4"
  conditions: os=android & cpu=arm
  languageName: node
  linkType: hard

"@esbuild/android-x64@npm:0.21.4":
  version: 0.21.4
  resolution: "@esbuild/android-x64@npm:0.21.4"
  conditions: os=android & cpu=x64
  languageName: node
  linkType: hard

"@esbuild/darwin-arm64@npm:0.21.4":
  version: 0.21.4
  resolution: "@esbuild/darwin-arm64@npm:0.21.4"
  conditions: os=darwin & cpu=arm64
  languageName: node
  linkType: hard

"@esbuild/darwin-x64@npm:0.21.4":
  version: 0.21.4
  resolution: "@esbuild/darwin-x64@npm:0.21.4"
  conditions: os=darwin & cpu=x64
  languageName: node
  linkType: hard

"@esbuild/freebsd-arm64@npm:0.21.4":
  version: 0.21.4
  resolution: "@esbuild/freebsd-arm64@npm:0.21.4"
  conditions: os=freebsd & cpu=arm64
  languageName: node
  linkType: hard

"@esbuild/freebsd-x64@npm:0.21.4":
  version: 0.21.4
  resolution: "@esbuild/freebsd-x64@npm:0.21.4"
  conditions: os=freebsd & cpu=x64
  languageName: node
  linkType: hard

"@esbuild/linux-arm64@npm:0.21.4":
  version: 0.21.4
  resolution: "@esbuild/linux-arm64@npm:0.21.4"
  conditions: os=linux & cpu=arm64
  languageName: node
  linkType: hard

"@esbuild/linux-arm@npm:0.21.4":
  version: 0.21.4
  resolution: "@esbuild/linux-arm@npm:0.21.4"
  conditions: os=linux & cpu=arm
  languageName: node
  linkType: hard

"@esbuild/linux-ia32@npm:0.21.4":
  version: 0.21.4
  resolution: "@esbuild/linux-ia32@npm:0.21.4"
  conditions: os=linux & cpu=ia32
  languageName: node
  linkType: hard

"@esbuild/linux-loong64@npm:0.21.4":
  version: 0.21.4
  resolution: "@esbuild/linux-loong64@npm:0.21.4"
  conditions: os=linux & cpu=loong64
  languageName: node
  linkType: hard

"@esbuild/linux-mips64el@npm:0.21.4":
  version: 0.21.4
  resolution: "@esbuild/linux-mips64el@npm:0.21.4"
  conditions: os=linux & cpu=mips64el
  languageName: node
  linkType: hard

"@esbuild/linux-ppc64@npm:0.21.4":
  version: 0.21.4
  resolution: "@esbuild/linux-ppc64@npm:0.21.4"
  conditions: os=linux & cpu=ppc64
  languageName: node
  linkType: hard

"@esbuild/linux-riscv64@npm:0.21.4":
  version: 0.21.4
  resolution: "@esbuild/linux-riscv64@npm:0.21.4"
  conditions: os=linux & cpu=riscv64
  languageName: node
  linkType: hard

"@esbuild/linux-s390x@npm:0.21.4":
  version: 0.21.4
  resolution: "@esbuild/linux-s390x@npm:0.21.4"
  conditions: os=linux & cpu=s390x
  languageName: node
  linkType: hard

"@esbuild/linux-x64@npm:0.21.4":
  version: 0.21.4
  resolution: "@esbuild/linux-x64@npm:0.21.4"
  conditions: os=linux & cpu=x64
  languageName: node
  linkType: hard

"@esbuild/netbsd-x64@npm:0.21.4":
  version: 0.21.4
  resolution: "@esbuild/netbsd-x64@npm:0.21.4"
  conditions: os=netbsd & cpu=x64
  languageName: node
  linkType: hard

"@esbuild/openbsd-x64@npm:0.21.4":
  version: 0.21.4
  resolution: "@esbuild/openbsd-x64@npm:0.21.4"
  conditions: os=openbsd & cpu=x64
  languageName: node
  linkType: hard

"@esbuild/sunos-x64@npm:0.21.4":
  version: 0.21.4
  resolution: "@esbuild/sunos-x64@npm:0.21.4"
  conditions: os=sunos & cpu=x64
  languageName: node
  linkType: hard

"@esbuild/win32-arm64@npm:0.21.4":
  version: 0.21.4
  resolution: "@esbuild/win32-arm64@npm:0.21.4"
  conditions: os=win32 & cpu=arm64
  languageName: node
  linkType: hard

"@esbuild/win32-ia32@npm:0.21.4":
  version: 0.21.4
  resolution: "@esbuild/win32-ia32@npm:0.21.4"
  conditions: os=win32 & cpu=ia32
  languageName: node
  linkType: hard

"@esbuild/win32-x64@npm:0.21.4":
  version: 0.21.4
  resolution: "@esbuild/win32-x64@npm:0.21.4"
  conditions: os=win32 & cpu=x64
  languageName: node
  linkType: hard

"@isaacs/cliui@npm:^8.0.2":
  version: 8.0.2
  resolution: "@isaacs/cliui@npm:8.0.2"
  dependencies:
    string-width: "npm:^5.1.2"
    string-width-cjs: "npm:string-width@^4.2.0"
    strip-ansi: "npm:^7.0.1"
    strip-ansi-cjs: "npm:strip-ansi@^6.0.1"
    wrap-ansi: "npm:^8.1.0"
    wrap-ansi-cjs: "npm:wrap-ansi@^7.0.0"
  checksum: 10c0/b1bf42535d49f11dc137f18d5e4e63a28c5569de438a221c369483731e9dac9fb797af554e8bf02b6192d1e5eba6e6402cf93900c3d0ac86391d00d04876789e
  languageName: node
  linkType: hard

"@pkgjs/parseargs@npm:^0.11.0":
  version: 0.11.0
  resolution: "@pkgjs/parseargs@npm:0.11.0"
  checksum: 10c0/5bd7576bb1b38a47a7fc7b51ac9f38748e772beebc56200450c4a817d712232b8f1d3ef70532c80840243c657d491cf6a6be1e3a214cff907645819fdc34aadd
  languageName: node
  linkType: hard

"@types/dat.gui@npm:^0.7.9":
  version: 0.7.13
  resolution: "@types/dat.gui@npm:0.7.13"
  checksum: 10c0/070ab25cea25988d5a1b7550b1af2959039e1ca82a8a975c59ed553b4d68e775f62ba6fb9893bedddf44201d593792f615b2e840814977263843dfd7da818d08
  languageName: node
  linkType: hard

"ansi-regex@npm:^5.0.1":
  version: 5.0.1
  resolution: "ansi-regex@npm:5.0.1"
  checksum: 10c0/9a64bb8627b434ba9327b60c027742e5d17ac69277960d041898596271d992d4d52ba7267a63ca10232e29f6107fc8a835f6ce8d719b88c5f8493f8254813737
  languageName: node
  linkType: hard

"ansi-regex@npm:^6.0.1":
  version: 6.0.1
  resolution: "ansi-regex@npm:6.0.1"
  checksum: 10c0/cbe16dbd2c6b2735d1df7976a7070dd277326434f0212f43abf6d87674095d247968209babdaad31bb00882fa68807256ba9be340eec2f1004de14ca75f52a08
  languageName: node
  linkType: hard

"ansi-styles@npm:^4.0.0":
  version: 4.3.0
  resolution: "ansi-styles@npm:4.3.0"
  dependencies:
    color-convert: "npm:^2.0.1"
  checksum: 10c0/895a23929da416f2bd3de7e9cb4eabd340949328ab85ddd6e484a637d8f6820d485f53933446f5291c3b760cbc488beb8e88573dd0f9c7daf83dccc8fe81b041
  languageName: node
  linkType: hard

"ansi-styles@npm:^6.1.0":
  version: 6.2.1
  resolution: "ansi-styles@npm:6.2.1"
  checksum: 10c0/5d1ec38c123984bcedd996eac680d548f31828bd679a66db2bdf11844634dde55fec3efa9c6bb1d89056a5e79c1ac540c4c784d592ea1d25028a92227d2f2d5c
  languageName: node
  linkType: hard

"balanced-match@npm:^1.0.0":
  version: 1.0.2
  resolution: "balanced-match@npm:1.0.2"
  checksum: 10c0/9308baf0a7e4838a82bbfd11e01b1cb0f0cf2893bc1676c27c2a8c0e70cbae1c59120c3268517a8ae7fb6376b4639ef81ca22582611dbee4ed28df945134aaee
  languageName: node
  linkType: hard

"brace-expansion@npm:^2.0.1":
  version: 2.0.1
  resolution: "brace-expansion@npm:2.0.1"
  dependencies:
    balanced-match: "npm:^1.0.0"
  checksum: 10c0/b358f2fe060e2d7a87aa015979ecea07f3c37d4018f8d6deb5bd4c229ad3a0384fe6029bb76cd8be63c81e516ee52d1a0673edbe2023d53a5191732ae3c3e49f
  languageName: node
  linkType: hard

"color-convert@npm:^2.0.1":
  version: 2.0.1
  resolution: "color-convert@npm:2.0.1"
  dependencies:
    color-name: "npm:~1.1.4"
  checksum: 10c0/37e1150172f2e311fe1b2df62c6293a342ee7380da7b9cfdba67ea539909afbd74da27033208d01d6d5cfc65ee7868a22e18d7e7648e004425441c0f8a15a7d7
  languageName: node
  linkType: hard

"color-name@npm:~1.1.4":
  version: 1.1.4
  resolution: "color-name@npm:1.1.4"
  checksum: 10c0/a1a3f914156960902f46f7f56bc62effc6c94e84b2cae157a526b1c1f74b677a47ec602bf68a61abfa2b42d15b7c5651c6dbe72a43af720bc588dff885b10f95
  languageName: node
  linkType: hard

"cross-spawn@npm:^7.0.0":
  version: 7.0.3
  resolution: "cross-spawn@npm:7.0.3"
  dependencies:
    path-key: "npm:^3.1.0"
    shebang-command: "npm:^2.0.0"
    which: "npm:^2.0.1"
  checksum: 10c0/5738c312387081c98d69c98e105b6327b069197f864a60593245d64c8089c8a0a744e16349281210d56835bb9274130d825a78b2ad6853ca13cfbeffc0c31750
  languageName: node
  linkType: hard

"dat.gui@npm:^0.7.9":
  version: 0.7.9
  resolution: "dat.gui@npm:0.7.9"
  checksum: 10c0/33cc1515bfe083143cee5b9e5a87d93e8a24a851b9e63f5c2afb30b2e7bd953832792e539e90b1d68f31508ad873e0de8b762013122b413471cc9dc019a8d0b9
  languageName: node
  linkType: hard

"eastasianwidth@npm:^0.2.0":
  version: 0.2.0
  resolution: "eastasianwidth@npm:0.2.0"
  checksum: 10c0/26f364ebcdb6395f95124fda411f63137a4bfb5d3a06453f7f23dfe52502905bd84e0488172e0f9ec295fdc45f05c23d5d91baf16bd26f0fe9acd777a188dc39
  languageName: node
  linkType: hard

"emoji-regex@npm:^8.0.0":
  version: 8.0.0
  resolution: "emoji-regex@npm:8.0.0"
  checksum: 10c0/b6053ad39951c4cf338f9092d7bfba448cdfd46fe6a2a034700b149ac9ffbc137e361cbd3c442297f86bed2e5f7576c1b54cc0a6bf8ef5106cc62f496af35010
  languageName: node
  linkType: hard

"emoji-regex@npm:^9.2.2":
  version: 9.2.2
  resolution: "emoji-regex@npm:9.2.2"
  checksum: 10c0/af014e759a72064cf66e6e694a7fc6b0ed3d8db680427b021a89727689671cefe9d04151b2cad51dbaf85d5ba790d061cd167f1cf32eb7b281f6368b3c181639
  languageName: node
  linkType: hard

"esbuild-copy-static-files@npm:^0.1.0":
  version: 0.1.0
  resolution: "esbuild-copy-static-files@npm:0.1.0"
  checksum: 10c0/c60cebb316fd66d8f5fbf7afee95ac59d02005ee3a0e5f79740b5f18b80911abdfe6e854b3de11fd0abd461af8617dc21f0c6b4f1d1b0860b24f290b7fa9df9c
  languageName: node
  linkType: hard

"esbuild@npm:^0.21.3":
  version: 0.21.4
  resolution: "esbuild@npm:0.21.4"
  dependencies:
    "@esbuild/aix-ppc64": "npm:0.21.4"
    "@esbuild/android-arm": "npm:0.21.4"
    "@esbuild/android-arm64": "npm:0.21.4"
    "@esbuild/android-x64": "npm:0.21.4"
    "@esbuild/darwin-arm64": "npm:0.21.4"
    "@esbuild/darwin-x64": "npm:0.21.4"
    "@esbuild/freebsd-arm64": "npm:0.21.4"
    "@esbuild/freebsd-x64": "npm:0.21.4"
    "@esbuild/linux-arm": "npm:0.21.4"
    "@esbuild/linux-arm64": "npm:0.21.4"
    "@esbuild/linux-ia32": "npm:0.21.4"
    "@esbuild/linux-loong64": "npm:0.21.4"
    "@esbuild/linux-mips64el": "npm:0.21.4"
    "@esbuild/linux-ppc64": "npm:0.21.4"
    "@esbuild/linux-riscv64": "npm:0.21.4"
    "@esbuild/linux-s390x": "npm:0.21.4"
    "@esbuild/linux-x64": "npm:0.21.4"
    "@esbuild/netbsd-x64": "npm:0.21.4"
    "@esbuild/openbsd-x64": "npm:0.21.4"
    "@esbuild/sunos-x64": "npm:0.21.4"
    "@esbuild/win32-arm64": "npm:0.21.4"
    "@esbuild/win32-ia32": "npm:0.21.4"
    "@esbuild/win32-x64": "npm:0.21.4"
  dependenciesMeta:
    "@esbuild/aix-ppc64":
      optional: true
    "@esbuild/android-arm":
      optional: true
    "@esbuild/android-arm64":
      optional: true
    "@esbuild/android-x64":
      optional: true
    "@esbuild/darwin-arm64":
      optional: true
    "@esbuild/darwin-x64":
      optional: true
    "@esbuild/freebsd-arm64":
      optional: true
    "@esbuild/freebsd-x64":
      optional: true
    "@esbuild/linux-arm":
      optional: true
    "@esbuild/linux-arm64":
      optional: true
    "@esbuild/linux-ia32":
      optional: true
    "@esbuild/linux-loong64":
      optional: true
    "@esbuild/linux-mips64el":
      optional: true
    "@esbuild/linux-ppc64":
      optional: true
    "@esbuild/linux-riscv64":
      optional: true
    "@esbuild/linux-s390x":
      optional: true
    "@esbuild/linux-x64":
      optional: true
    "@esbuild/netbsd-x64":
      optional: true
    "@esbuild/openbsd-x64":
      optional: true
    "@esbuild/sunos-x64":
      optional: true
    "@esbuild/win32-arm64":
      optional: true
    "@esbuild/win32-ia32":
      optional: true
    "@esbuild/win32-x64":
      optional: true
  bin:
    esbuild: bin/esbuild
  checksum: 10c0/83276c7b82bc3415199da91a84a01cf287d4912f2c02fead9c0542d6bda463d6d152cb7fb86f680dae72dc701c864a8963069ddb9e2b344948595cc87f81c4f1
  languageName: node
  linkType: hard

"foreground-child@npm:^3.1.0":
  version: 3.1.1
  resolution: "foreground-child@npm:3.1.1"
  dependencies:
    cross-spawn: "npm:^7.0.0"
    signal-exit: "npm:^4.0.1"
  checksum: 10c0/9700a0285628abaeb37007c9a4d92bd49f67210f09067638774338e146c8e9c825c5c877f072b2f75f41dc6a2d0be8664f79ffc03f6576649f54a84fb9b47de0
  languageName: node
  linkType: hard

"glob@npm:^10.3.7":
  version: 10.4.1
  resolution: "glob@npm:10.4.1"
  dependencies:
    foreground-child: "npm:^3.1.0"
    jackspeak: "npm:^3.1.2"
    minimatch: "npm:^9.0.4"
    minipass: "npm:^7.1.2"
    path-scurry: "npm:^1.11.1"
  bin:
    glob: dist/esm/bin.mjs
  checksum: 10c0/77f2900ed98b9cc2a0e1901ee5e476d664dae3cd0f1b662b8bfd4ccf00d0edc31a11595807706a274ca10e1e251411bbf2e8e976c82bed0d879a9b89343ed379
  languageName: node
  linkType: hard

"is-fullwidth-code-point@npm:^3.0.0":
  version: 3.0.0
  resolution: "is-fullwidth-code-point@npm:3.0.0"
  checksum: 10c0/bb11d825e049f38e04c06373a8d72782eee0205bda9d908cc550ccb3c59b99d750ff9537982e01733c1c94a58e35400661f57042158ff5e8f3e90cf936daf0fc
  languageName: node
  linkType: hard

"isexe@npm:^2.0.0":
  version: 2.0.0
  resolution: "isexe@npm:2.0.0"
  checksum: 10c0/228cfa503fadc2c31596ab06ed6aa82c9976eec2bfd83397e7eaf06d0ccf42cd1dfd6743bf9aeb01aebd4156d009994c5f76ea898d2832c1fe342da923ca457d
  languageName: node
  linkType: hard

"jackspeak@npm:^3.1.2":
  version: 3.1.2
  resolution: "jackspeak@npm:3.1.2"
  dependencies:
    "@isaacs/cliui": "npm:^8.0.2"
    "@pkgjs/parseargs": "npm:^0.11.0"
  dependenciesMeta:
    "@pkgjs/parseargs":
      optional: true
  checksum: 10c0/5f1922a1ca0f19869e23f0dc4374c60d36e922f7926c76fecf8080cc6f7f798d6a9caac1b9428327d14c67731fd551bb3454cb270a5e13a0718f3b3660ec3d5d
  languageName: node
  linkType: hard

"lru-cache@npm:^10.2.0":
  version: 10.2.2
  resolution: "lru-cache@npm:10.2.2"
  checksum: 10c0/402d31094335851220d0b00985084288136136992979d0e015f0f1697e15d1c86052d7d53ae86b614e5b058425606efffc6969a31a091085d7a2b80a8a1e26d6
  languageName: node
  linkType: hard

"minimatch@npm:^9.0.4":
  version: 9.0.4
  resolution: "minimatch@npm:9.0.4"
  dependencies:
    brace-expansion: "npm:^2.0.1"
  checksum: 10c0/2c16f21f50e64922864e560ff97c587d15fd491f65d92a677a344e970fe62aafdbeafe648965fa96d33c061b4d0eabfe0213466203dd793367e7f28658cf6414
  languageName: node
  linkType: hard

"minipass@npm:^5.0.0 || ^6.0.2 || ^7.0.0, minipass@npm:^7.1.2":
  version: 7.1.2
  resolution: "minipass@npm:7.1.2"
  checksum: 10c0/b0fd20bb9fb56e5fa9a8bfac539e8915ae07430a619e4b86ff71f5fc757ef3924b23b2c4230393af1eda647ed3d75739e4e0acb250a6b1eb277cf7f8fe449557
  languageName: node
  linkType: hard

"nanite-webgpu@workspace:.":
  version: 0.0.0-use.local
  resolution: "nanite-webgpu@workspace:."
  dependencies:
    "@types/dat.gui": "npm:^0.7.9"
    dat.gui: "npm:^0.7.9"
    esbuild: "npm:^0.21.3"
    esbuild-copy-static-files: "npm:^0.1.0"
    rimraf: "npm:^5.0.7"
    typescript: "npm:^5.4.5"
    webgl-obj-loader: "npm:^2.0.8"
    wgpu-matrix: "npm:^2.9.0"
  languageName: unknown
  linkType: soft

"path-key@npm:^3.1.0":
  version: 3.1.1
  resolution: "path-key@npm:3.1.1"
  checksum: 10c0/748c43efd5a569c039d7a00a03b58eecd1d75f3999f5a28303d75f521288df4823bc057d8784eb72358b2895a05f29a070bc9f1f17d28226cc4e62494cc58c4c
  languageName: node
  linkType: hard

"path-scurry@npm:^1.11.1":
  version: 1.11.1
  resolution: "path-scurry@npm:1.11.1"
  dependencies:
    lru-cache: "npm:^10.2.0"
    minipass: "npm:^5.0.0 || ^6.0.2 || ^7.0.0"
  checksum: 10c0/32a13711a2a505616ae1cc1b5076801e453e7aae6ac40ab55b388bb91b9d0547a52f5aaceff710ea400205f18691120d4431e520afbe4266b836fadede15872d
  languageName: node
  linkType: hard

"rimraf@npm:^5.0.7":
  version: 5.0.7
  resolution: "rimraf@npm:5.0.7"
  dependencies:
    glob: "npm:^10.3.7"
  bin:
    rimraf: dist/esm/bin.mjs
  checksum: 10c0/bd6dbfaa98ae34ce1e54d1e06045d2d63e8859d9a1979bb4a4628b652b459a2d17b17dc20ee072b034bd2d09bd691e801d24c4d9cfe94e16fdbcc8470a1d4807
  languageName: node
  linkType: hard

"shebang-command@npm:^2.0.0":
  version: 2.0.0
  resolution: "shebang-command@npm:2.0.0"
  dependencies:
    shebang-regex: "npm:^3.0.0"
  checksum: 10c0/a41692e7d89a553ef21d324a5cceb5f686d1f3c040759c50aab69688634688c5c327f26f3ecf7001ebfd78c01f3c7c0a11a7c8bfd0a8bc9f6240d4f40b224e4e
  languageName: node
  linkType: hard

"shebang-regex@npm:^3.0.0":
  version: 3.0.0
  resolution: "shebang-regex@npm:3.0.0"
  checksum: 10c0/1dbed0726dd0e1152a92696c76c7f06084eb32a90f0528d11acd764043aacf76994b2fb30aa1291a21bd019d6699164d048286309a278855ee7bec06cf6fb690
  languageName: node
  linkType: hard

"signal-exit@npm:^4.0.1":
  version: 4.1.0
  resolution: "signal-exit@npm:4.1.0"
  checksum: 10c0/41602dce540e46d599edba9d9860193398d135f7ff72cab629db5171516cfae628d21e7bfccde1bbfdf11c48726bc2a6d1a8fb8701125852fbfda7cf19c6aa83
  languageName: node
  linkType: hard

"string-width-cjs@npm:string-width@^4.2.0, string-width@npm:^4.1.0":
  version: 4.2.3
  resolution: "string-width@npm:4.2.3"
  dependencies:
    emoji-regex: "npm:^8.0.0"
    is-fullwidth-code-point: "npm:^3.0.0"
    strip-ansi: "npm:^6.0.1"
  checksum: 10c0/1e525e92e5eae0afd7454086eed9c818ee84374bb80328fc41217ae72ff5f065ef1c9d7f72da41de40c75fa8bb3dee63d92373fd492c84260a552c636392a47b
  languageName: node
  linkType: hard

"string-width@npm:^5.0.1, string-width@npm:^5.1.2":
  version: 5.1.2
  resolution: "string-width@npm:5.1.2"
  dependencies:
    eastasianwidth: "npm:^0.2.0"
    emoji-regex: "npm:^9.2.2"
    strip-ansi: "npm:^7.0.1"
  checksum: 10c0/ab9c4264443d35b8b923cbdd513a089a60de339216d3b0ed3be3ba57d6880e1a192b70ae17225f764d7adbf5994e9bb8df253a944736c15a0240eff553c678ca
  languageName: node
  linkType: hard

"strip-ansi-cjs@npm:strip-ansi@^6.0.1, strip-ansi@npm:^6.0.0, strip-ansi@npm:^6.0.1":
  version: 6.0.1
  resolution: "strip-ansi@npm:6.0.1"
  dependencies:
    ansi-regex: "npm:^5.0.1"
  checksum: 10c0/1ae5f212a126fe5b167707f716942490e3933085a5ff6c008ab97ab2f272c8025d3aa218b7bd6ab25729ca20cc81cddb252102f8751e13482a5199e873680952
  languageName: node
  linkType: hard

"strip-ansi@npm:^7.0.1":
  version: 7.1.0
  resolution: "strip-ansi@npm:7.1.0"
  dependencies:
    ansi-regex: "npm:^6.0.1"
  checksum: 10c0/a198c3762e8832505328cbf9e8c8381de14a4fa50a4f9b2160138158ea88c0f5549fb50cb13c651c3088f47e63a108b34622ec18c0499b6c8c3a5ddf6b305ac4
  languageName: node
  linkType: hard

"typescript@npm:^5.4.5":
  version: 5.4.5
  resolution: "typescript@npm:5.4.5"
  bin:
    tsc: bin/tsc
    tsserver: bin/tsserver
  checksum: 10c0/2954022ada340fd3d6a9e2b8e534f65d57c92d5f3989a263754a78aba549f7e6529acc1921913560a4b816c46dce7df4a4d29f9f11a3dc0d4213bb76d043251e
  languageName: node
  linkType: hard

"typescript@patch:typescript@npm%3A^5.4.5#optional!builtin<compat/typescript>":
  version: 5.4.5
  resolution: "typescript@patch:typescript@npm%3A5.4.5#optional!builtin<compat/typescript>::version=5.4.5&hash=5adc0c"
  bin:
    tsc: bin/tsc
    tsserver: bin/tsserver
  checksum: 10c0/db2ad2a16ca829f50427eeb1da155e7a45e598eec7b086d8b4e8ba44e5a235f758e606d681c66992230d3fc3b8995865e5fd0b22a2c95486d0b3200f83072ec9
  languageName: node
  linkType: hard

"webgl-obj-loader@npm:^2.0.8":
  version: 2.0.8
  resolution: "webgl-obj-loader@npm:2.0.8"
  checksum: 10c0/ab940e054c6526bd7ac3cc447db4141ed536a3401838d251418dc8b288c0514c6aeb37cae8cd01d88d26ff5590251869e715cb3841a0c1eca1c115e5895beb6b
  languageName: node
  linkType: hard

"wgpu-matrix@npm:^2.9.0":
  version: 2.9.1
  resolution: "wgpu-matrix@npm:2.9.1"
  checksum: 10c0/ac0e00d7ae4edab8307fcb99c2961e3c0b4312c41c49cf12603a1c13571f239f1f3f21fc826828bf9ee6d48f91734a989515811a66c97da3699ec096469c3a69
  languageName: node
  linkType: hard

"which@npm:^2.0.1":
  version: 2.0.2
  resolution: "which@npm:2.0.2"
  dependencies:
    isexe: "npm:^2.0.0"
  bin:
    node-which: ./bin/node-which
  checksum: 10c0/66522872a768b60c2a65a57e8ad184e5372f5b6a9ca6d5f033d4b0dc98aff63995655a7503b9c0a2598936f532120e81dd8cc155e2e92ed662a2b9377cc4374f
  languageName: node
  linkType: hard

"wrap-ansi-cjs@npm:wrap-ansi@^7.0.0":
  version: 7.0.0
  resolution: "wrap-ansi@npm:7.0.0"
  dependencies:
    ansi-styles: "npm:^4.0.0"
    string-width: "npm:^4.1.0"
    strip-ansi: "npm:^6.0.0"
  checksum: 10c0/d15fc12c11e4cbc4044a552129ebc75ee3f57aa9c1958373a4db0292d72282f54373b536103987a4a7594db1ef6a4f10acf92978f79b98c49306a4b58c77d4da
  languageName: node
  linkType: hard

"wrap-ansi@npm:^8.1.0":
  version: 8.1.0
  resolution: "wrap-ansi@npm:8.1.0"
  dependencies:
    ansi-styles: "npm:^6.1.0"
    string-width: "npm:^5.0.1"
    strip-ansi: "npm:^7.0.1"
  checksum: 10c0/138ff58a41d2f877eae87e3282c0630fc2789012fc1af4d6bd626eeb9a2f9a65ca92005e6e69a75c7b85a68479fe7443c7dbe1eb8fbaa681a4491364b7c55c60
  languageName: node
  linkType: hard
